// !$*UTF8*$!
{
	archiveVersion = 1;
	classes = {
	};
	objectVersion = 56;
	objects = {

/* Begin PBXBuildFile section */
		ED4DE0722CD3B2CA00E94C24 /* MovieOrSerieDetail.swift in Sources */ = {isa = PBXBuildFile; fileRef = ED4DE0712CD3B2CA00E94C24 /* MovieOrSerieDetail.swift */; };
		ED6ADF7A2CCE671900B34EA4 /* ButtonStyles.swift in Sources */ = {isa = PBXBuildFile; fileRef = ED6ADF792CCE671900B34EA4 /* ButtonStyles.swift */; };
		ED6ADF7D2CCE7FB300B34EA4 /* MTextField.swift in Sources */ = {isa = PBXBuildFile; fileRef = ED6ADF7C2CCE7FB300B34EA4 /* MTextField.swift */; };
		ED6ADF802CCEC79B00B34EA4 /* Config.xcconfig in Resources */ = {isa = PBXBuildFile; fileRef = ED6ADF7F2CCEC79B00B34EA4 /* Config.xcconfig */; };
		ED8C1FD42CD16B890092D4C2 /* Bundle.swift in Sources */ = {isa = PBXBuildFile; fileRef = ED8C1FD32CD16B890092D4C2 /* Bundle.swift */; };
		EDB4F2202CCD587700A959F0 /* MovieFinderApp.swift in Sources */ = {isa = PBXBuildFile; fileRef = EDB4F21F2CCD587700A959F0 /* MovieFinderApp.swift */; };
		EDB4F2222CCD587700A959F0 /* HomeView.swift in Sources */ = {isa = PBXBuildFile; fileRef = EDB4F2212CCD587700A959F0 /* HomeView.swift */; };
		EDB4F2242CCD587900A959F0 /* Assets.xcassets in Resources */ = {isa = PBXBuildFile; fileRef = EDB4F2232CCD587900A959F0 /* Assets.xcassets */; };
		EDB4F2272CCD587900A959F0 /* Preview Assets.xcassets in Resources */ = {isa = PBXBuildFile; fileRef = EDB4F2262CCD587900A959F0 /* Preview Assets.xcassets */; };
		EDB4F22F2CCD7BDD00A959F0 /* Service.swift in Sources */ = {isa = PBXBuildFile; fileRef = EDB4F22E2CCD7BDD00A959F0 /* Service.swift */; };
		EDB4F2332CCD7CC200A959F0 /* HomeViewModel.swift in Sources */ = {isa = PBXBuildFile; fileRef = EDB4F2322CCD7CC200A959F0 /* HomeViewModel.swift */; };
		EDB4F2362CCD7E6B00A959F0 /* TmdbManager.swift in Sources */ = {isa = PBXBuildFile; fileRef = EDB4F2352CCD7E6B00A959F0 /* TmdbManager.swift */; };
		EDB4F2392CCD7F8700A959F0 /* HomeImageResponseModel.swift in Sources */ = {isa = PBXBuildFile; fileRef = EDB4F2382CCD7F8700A959F0 /* HomeImageResponseModel.swift */; };
		EDBBEDB02CD25F4700CD34FC /* .swiftlint.yml in Resources */ = {isa = PBXBuildFile; fileRef = EDBBEDAF2CD25F4700CD34FC /* .swiftlint.yml */; };
		EDBBEDB22CD28AE600CD34FC /* .gitignore in Resources */ = {isa = PBXBuildFile; fileRef = EDBBEDB12CD28AE600CD34FC /* .gitignore */; };
		EDBBEDB42CD2CB8900CD34FC /* GenreResponseModel.swift in Sources */ = {isa = PBXBuildFile; fileRef = EDBBEDB32CD2CB8900CD34FC /* GenreResponseModel.swift */; };
		EDBBEDB62CD2D60300CD34FC /* View+CapsuleBackground.swift in Sources */ = {isa = PBXBuildFile; fileRef = EDBBEDB52CD2D60300CD34FC /* View+CapsuleBackground.swift */; };
		EDBBEDB82CD2E90B00CD34FC /* String+Date.swift in Sources */ = {isa = PBXBuildFile; fileRef = EDBBEDB72CD2E90B00CD34FC /* String+Date.swift */; };
/* End PBXBuildFile section */

/* Begin PBXFileReference section */
		ED4DE0712CD3B2CA00E94C24 /* MovieOrSerieDetail.swift */ = {isa = PBXFileReference; lastKnownFileType = sourcecode.swift; path = MovieOrSerieDetail.swift; sourceTree = "<group>"; };
		ED6ADF792CCE671900B34EA4 /* ButtonStyles.swift */ = {isa = PBXFileReference; lastKnownFileType = sourcecode.swift; path = ButtonStyles.swift; sourceTree = "<group>"; };
		ED6ADF7B2CCE694900B34EA4 /* Info.plist */ = {isa = PBXFileReference; lastKnownFileType = text.plist; path = Info.plist; sourceTree = "<group>"; };
		ED6ADF7C2CCE7FB300B34EA4 /* MTextField.swift */ = {isa = PBXFileReference; lastKnownFileType = sourcecode.swift; path = MTextField.swift; sourceTree = "<group>"; };
		ED6ADF7F2CCEC79B00B34EA4 /* Config.xcconfig */ = {isa = PBXFileReference; lastKnownFileType = text.xcconfig; path = Config.xcconfig; sourceTree = "<group>"; };
		ED8C1FD32CD16B890092D4C2 /* Bundle.swift */ = {isa = PBXFileReference; lastKnownFileType = sourcecode.swift; path = Bundle.swift; sourceTree = "<group>"; };
		EDB4F21C2CCD587700A959F0 /* MovieFinder.app */ = {isa = PBXFileReference; explicitFileType = wrapper.application; includeInIndex = 0; path = MovieFinder.app; sourceTree = BUILT_PRODUCTS_DIR; };
		EDB4F21F2CCD587700A959F0 /* MovieFinderApp.swift */ = {isa = PBXFileReference; lastKnownFileType = sourcecode.swift; path = MovieFinderApp.swift; sourceTree = "<group>"; };
		EDB4F2212CCD587700A959F0 /* HomeView.swift */ = {isa = PBXFileReference; lastKnownFileType = sourcecode.swift; path = HomeView.swift; sourceTree = "<group>"; };
		EDB4F2232CCD587900A959F0 /* Assets.xcassets */ = {isa = PBXFileReference; lastKnownFileType = folder.assetcatalog; path = Assets.xcassets; sourceTree = "<group>"; };
		EDB4F2262CCD587900A959F0 /* Preview Assets.xcassets */ = {isa = PBXFileReference; lastKnownFileType = folder.assetcatalog; path = "Preview Assets.xcassets"; sourceTree = "<group>"; };
		EDB4F22E2CCD7BDD00A959F0 /* Service.swift */ = {isa = PBXFileReference; lastKnownFileType = sourcecode.swift; path = Service.swift; sourceTree = "<group>"; };
		EDB4F2322CCD7CC200A959F0 /* HomeViewModel.swift */ = {isa = PBXFileReference; lastKnownFileType = sourcecode.swift; path = HomeViewModel.swift; sourceTree = "<group>"; };
		EDB4F2352CCD7E6B00A959F0 /* TmdbManager.swift */ = {isa = PBXFileReference; lastKnownFileType = sourcecode.swift; path = TmdbManager.swift; sourceTree = "<group>"; };
		EDB4F2382CCD7F8700A959F0 /* HomeImageResponseModel.swift */ = {isa = PBXFileReference; lastKnownFileType = sourcecode.swift; path = HomeImageResponseModel.swift; sourceTree = "<group>"; };
		EDBBEDAF2CD25F4700CD34FC /* .swiftlint.yml */ = {isa = PBXFileReference; lastKnownFileType = text.yaml; path = .swiftlint.yml; sourceTree = "<group>"; };
		EDBBEDB12CD28AE600CD34FC /* .gitignore */ = {isa = PBXFileReference; lastKnownFileType = text; path = .gitignore; sourceTree = "<group>"; };
		EDBBEDB32CD2CB8900CD34FC /* GenreResponseModel.swift */ = {isa = PBXFileReference; lastKnownFileType = sourcecode.swift; path = GenreResponseModel.swift; sourceTree = "<group>"; };
		EDBBEDB52CD2D60300CD34FC /* View+CapsuleBackground.swift */ = {isa = PBXFileReference; lastKnownFileType = sourcecode.swift; path = "View+CapsuleBackground.swift"; sourceTree = "<group>"; };
		EDBBEDB72CD2E90B00CD34FC /* String+Date.swift */ = {isa = PBXFileReference; lastKnownFileType = sourcecode.swift; path = "String+Date.swift"; sourceTree = "<group>"; };
/* End PBXFileReference section */

/* Begin PBXFrameworksBuildPhase section */
		EDB4F2192CCD587700A959F0 /* Frameworks */ = {
			isa = PBXFrameworksBuildPhase;
			buildActionMask = 2147483647;
			files = (
			);
			runOnlyForDeploymentPostprocessing = 0;
		};
/* End PBXFrameworksBuildPhase section */

/* Begin PBXGroup section */
		ED4DE0702CD3B29000E94C24 /* MovieOrSerieDetail */ = {
			isa = PBXGroup;
			children = (
				ED4DE0712CD3B2CA00E94C24 /* MovieOrSerieDetail.swift */,
			);
			path = MovieOrSerieDetail;
			sourceTree = "<group>";
		};
		ED6ADF782CCE66FB00B34EA4 /* Components */ = {
			isa = PBXGroup;
			children = (
				ED6ADF792CCE671900B34EA4 /* ButtonStyles.swift */,
				ED6ADF7C2CCE7FB300B34EA4 /* MTextField.swift */,
			);
			path = Components;
			sourceTree = "<group>";
		};
		ED6ADF7E2CCEC74200B34EA4 /* Config */ = {
			isa = PBXGroup;
			children = (
				ED6ADF7F2CCEC79B00B34EA4 /* Config.xcconfig */,
			);
			path = Config;
			sourceTree = "<group>";
		};
		ED8C1FD22CD16B6E0092D4C2 /* Extensions */ = {
			isa = PBXGroup;
			children = (
				ED8C1FD32CD16B890092D4C2 /* Bundle.swift */,
				EDBBEDB52CD2D60300CD34FC /* View+CapsuleBackground.swift */,
				EDBBEDB72CD2E90B00CD34FC /* String+Date.swift */,
			);
			path = Extensions;
			sourceTree = "<group>";
		};
		EDB4F2132CCD587700A959F0 = {
			isa = PBXGroup;
			children = (
				EDB4F21E2CCD587700A959F0 /* MovieFinder */,
				EDB4F21D2CCD587700A959F0 /* Products */,
			);
			sourceTree = "<group>";
		};
		EDB4F21D2CCD587700A959F0 /* Products */ = {
			isa = PBXGroup;
			children = (
				EDB4F21C2CCD587700A959F0 /* MovieFinder.app */,
			);
			name = Products;
			sourceTree = "<group>";
		};
		EDB4F21E2CCD587700A959F0 /* MovieFinder */ = {
			isa = PBXGroup;
			children = (
				EDBBEDB12CD28AE600CD34FC /* .gitignore */,
				EDBBEDAF2CD25F4700CD34FC /* .swiftlint.yml */,
				EDB4F2232CCD587900A959F0 /* Assets.xcassets */,
				ED6ADF782CCE66FB00B34EA4 /* Components */,
				ED6ADF7E2CCEC74200B34EA4 /* Config */,
				ED8C1FD22CD16B6E0092D4C2 /* Extensions */,
				ED6ADF7B2CCE694900B34EA4 /* Info.plist */,
				EDB4F2302CCD7C1500A959F0 /* Interfaces */,
				EDB4F2342CCD7E4800A959F0 /* Managers */,
				EDB4F2372CCD7F5500A959F0 /* Models */,
				EDB4F21F2CCD587700A959F0 /* MovieFinderApp.swift */,
				EDB4F2252CCD587900A959F0 /* Preview Content */,
				EDB4F22D2CCD7BC700A959F0 /* Service */,
			);
			path = MovieFinder;
			sourceTree = "<group>";
		};
		EDB4F2252CCD587900A959F0 /* Preview Content */ = {
			isa = PBXGroup;
			children = (
				EDB4F2262CCD587900A959F0 /* Preview Assets.xcassets */,
			);
			path = "Preview Content";
			sourceTree = "<group>";
		};
		EDB4F22D2CCD7BC700A959F0 /* Service */ = {
			isa = PBXGroup;
			children = (
				EDB4F22E2CCD7BDD00A959F0 /* Service.swift */,
			);
			path = Service;
			sourceTree = "<group>";
		};
		EDB4F2302CCD7C1500A959F0 /* Interfaces */ = {
			isa = PBXGroup;
			children = (
				EDB4F2312CCD7CB400A959F0 /* Home */,
				ED4DE0702CD3B29000E94C24 /* MovieOrSerieDetail */,
			);
			path = Interfaces;
			sourceTree = "<group>";
		};
		EDB4F2312CCD7CB400A959F0 /* Home */ = {
			isa = PBXGroup;
			children = (
				EDB4F2212CCD587700A959F0 /* HomeView.swift */,
				EDB4F2322CCD7CC200A959F0 /* HomeViewModel.swift */,
			);
			path = Home;
			sourceTree = "<group>";
		};
		EDB4F2342CCD7E4800A959F0 /* Managers */ = {
			isa = PBXGroup;
			children = (
				EDB4F2352CCD7E6B00A959F0 /* TmdbManager.swift */,
			);
			path = Managers;
			sourceTree = "<group>";
		};
		EDB4F2372CCD7F5500A959F0 /* Models */ = {
			isa = PBXGroup;
			children = (
				EDB4F2382CCD7F8700A959F0 /* HomeImageResponseModel.swift */,
				EDBBEDB32CD2CB8900CD34FC /* GenreResponseModel.swift */,
			);
			path = Models;
			sourceTree = "<group>";
		};
/* End PBXGroup section */

/* Begin PBXNativeTarget section */
		EDB4F21B2CCD587700A959F0 /* MovieFinder */ = {
			isa = PBXNativeTarget;
			buildConfigurationList = EDB4F22A2CCD587900A959F0 /* Build configuration list for PBXNativeTarget "MovieFinder" */;
			buildPhases = (
				EDB4F2182CCD587700A959F0 /* Sources */,
				EDB4F2192CCD587700A959F0 /* Frameworks */,
				EDB4F21A2CCD587700A959F0 /* Resources */,
				EDBBEDAD2CD25D8600CD34FC /* ShellScript */,
			);
			buildRules = (
			);
			dependencies = (
			);
			name = MovieFinder;
			productName = MovieFinder;
			productReference = EDB4F21C2CCD587700A959F0 /* MovieFinder.app */;
			productType = "com.apple.product-type.application";
		};
/* End PBXNativeTarget section */

/* Begin PBXProject section */
		EDB4F2142CCD587700A959F0 /* Project object */ = {
			isa = PBXProject;
			attributes = {
				BuildIndependentTargetsInParallel = 1;
				LastSwiftUpdateCheck = 1540;
				LastUpgradeCheck = 1540;
				TargetAttributes = {
					EDB4F21B2CCD587700A959F0 = {
						CreatedOnToolsVersion = 15.4;
					};
				};
			};
			buildConfigurationList = EDB4F2172CCD587700A959F0 /* Build configuration list for PBXProject "MovieFinder" */;
			compatibilityVersion = "Xcode 14.0";
			developmentRegion = en;
			hasScannedForEncodings = 0;
			knownRegions = (
				en,
				Base,
			);
			mainGroup = EDB4F2132CCD587700A959F0;
			productRefGroup = EDB4F21D2CCD587700A959F0 /* Products */;
			projectDirPath = "";
			projectRoot = "";
			targets = (
				EDB4F21B2CCD587700A959F0 /* MovieFinder */,
			);
		};
/* End PBXProject section */

/* Begin PBXResourcesBuildPhase section */
		EDB4F21A2CCD587700A959F0 /* Resources */ = {
			isa = PBXResourcesBuildPhase;
			buildActionMask = 2147483647;
			files = (
				EDBBEDB22CD28AE600CD34FC /* .gitignore in Resources */,
				EDBBEDB02CD25F4700CD34FC /* .swiftlint.yml in Resources */,
				EDB4F2272CCD587900A959F0 /* Preview Assets.xcassets in Resources */,
				ED6ADF802CCEC79B00B34EA4 /* Config.xcconfig in Resources */,
				EDB4F2242CCD587900A959F0 /* Assets.xcassets in Resources */,
			);
			runOnlyForDeploymentPostprocessing = 0;
		};
/* End PBXResourcesBuildPhase section */

/* Begin PBXShellScriptBuildPhase section */
		EDBBEDAD2CD25D8600CD34FC /* ShellScript */ = {
			isa = PBXShellScriptBuildPhase;
			alwaysOutOfDate = 1;
			buildActionMask = 2147483647;
			files = (
			);
			inputFileListPaths = (
			);
			inputPaths = (
			);
			outputFileListPaths = (
			);
			outputPaths = (
			);
			runOnlyForDeploymentPostprocessing = 0;
			shellPath = /bin/sh;
			shellScript = "if [[ \"$(uname -m)\" == arm64 ]]; then\n    export PATH=\"/opt/homebrew/bin:$PATH\"\nfi\n\nif which swiftlint > /dev/null; then\n  swiftlint\nelse\n  echo \"warning: SwiftLint not installed, download from https://github.com/realm/SwiftLint\"\nfi\n";
			showEnvVarsInLog = 0;
		};
/* End PBXShellScriptBuildPhase section */

/* Begin PBXSourcesBuildPhase section */
		EDB4F2182CCD587700A959F0 /* Sources */ = {
			isa = PBXSourcesBuildPhase;
			buildActionMask = 2147483647;
			files = (
				EDBBEDB62CD2D60300CD34FC /* View+CapsuleBackground.swift in Sources */,
				EDB4F2222CCD587700A959F0 /* HomeView.swift in Sources */,
				ED8C1FD42CD16B890092D4C2 /* Bundle.swift in Sources */,
				ED6ADF7D2CCE7FB300B34EA4 /* MTextField.swift in Sources */,
				EDBBEDB82CD2E90B00CD34FC /* String+Date.swift in Sources */,
				EDB4F2392CCD7F8700A959F0 /* HomeImageResponseModel.swift in Sources */,
				ED4DE0722CD3B2CA00E94C24 /* MovieOrSerieDetail.swift in Sources */,
				EDB4F2362CCD7E6B00A959F0 /* TmdbManager.swift in Sources */,
				EDB4F2202CCD587700A959F0 /* MovieFinderApp.swift in Sources */,
				ED6ADF7A2CCE671900B34EA4 /* ButtonStyles.swift in Sources */,
				EDB4F22F2CCD7BDD00A959F0 /* Service.swift in Sources */,
				EDBBEDB42CD2CB8900CD34FC /* GenreResponseModel.swift in Sources */,
				EDB4F2332CCD7CC200A959F0 /* HomeViewModel.swift in Sources */,
			);
			runOnlyForDeploymentPostprocessing = 0;
		};
/* End PBXSourcesBuildPhase section */

/* Begin XCBuildConfiguration section */
		EDB4F2282CCD587900A959F0 /* Debug */ = {
			isa = XCBuildConfiguration;
			baseConfigurationReference = ED6ADF7F2CCEC79B00B34EA4 /* Config.xcconfig */;
			buildSettings = {
				ALWAYS_SEARCH_USER_PATHS = NO;
				ASSETCATALOG_COMPILER_GENERATE_SWIFT_ASSET_SYMBOL_EXTENSIONS = YES;
				CLANG_ANALYZER_NONNULL = YES;
				CLANG_ANALYZER_NUMBER_OBJECT_CONVERSION = YES_AGGRESSIVE;
				CLANG_CXX_LANGUAGE_STANDARD = "gnu++20";
				CLANG_ENABLE_MODULES = YES;
				CLANG_ENABLE_OBJC_ARC = YES;
				CLANG_ENABLE_OBJC_WEAK = YES;
				CLANG_WARN_BLOCK_CAPTURE_AUTORELEASING = YES;
				CLANG_WARN_BOOL_CONVERSION = YES;
				CLANG_WARN_COMMA = YES;
				CLANG_WARN_CONSTANT_CONVERSION = YES;
				CLANG_WARN_DEPRECATED_OBJC_IMPLEMENTATIONS = YES;
				CLANG_WARN_DIRECT_OBJC_ISA_USAGE = YES_ERROR;
				CLANG_WARN_DOCUMENTATION_COMMENTS = YES;
				CLANG_WARN_EMPTY_BODY = YES;
				CLANG_WARN_ENUM_CONVERSION = YES;
				CLANG_WARN_INFINITE_RECURSION = YES;
				CLANG_WARN_INT_CONVERSION = YES;
				CLANG_WARN_NON_LITERAL_NULL_CONVERSION = YES;
				CLANG_WARN_OBJC_IMPLICIT_RETAIN_SELF = YES;
				CLANG_WARN_OBJC_LITERAL_CONVERSION = YES;
				CLANG_WARN_OBJC_ROOT_CLASS = YES_ERROR;
				CLANG_WARN_QUOTED_INCLUDE_IN_FRAMEWORK_HEADER = YES;
				CLANG_WARN_RANGE_LOOP_ANALYSIS = YES;
				CLANG_WARN_STRICT_PROTOTYPES = YES;
				CLANG_WARN_SUSPICIOUS_MOVE = YES;
				CLANG_WARN_UNGUARDED_AVAILABILITY = YES_AGGRESSIVE;
				CLANG_WARN_UNREACHABLE_CODE = YES;
				CLANG_WARN__DUPLICATE_METHOD_MATCH = YES;
				COPY_PHASE_STRIP = NO;
				DEBUG_INFORMATION_FORMAT = dwarf;
				ENABLE_STRICT_OBJC_MSGSEND = YES;
				ENABLE_TESTABILITY = YES;
				ENABLE_USER_SCRIPT_SANDBOXING = YES;
				GCC_C_LANGUAGE_STANDARD = gnu17;
				GCC_DYNAMIC_NO_PIC = NO;
				GCC_NO_COMMON_BLOCKS = YES;
				GCC_OPTIMIZATION_LEVEL = 0;
				GCC_PREPROCESSOR_DEFINITIONS = (
					"DEBUG=1",
					"$(inherited)",
				);
				GCC_WARN_64_TO_32_BIT_CONVERSION = YES;
				GCC_WARN_ABOUT_RETURN_TYPE = YES_ERROR;
				GCC_WARN_UNDECLARED_SELECTOR = YES;
				GCC_WARN_UNINITIALIZED_AUTOS = YES_AGGRESSIVE;
				GCC_WARN_UNUSED_FUNCTION = YES;
				GCC_WARN_UNUSED_VARIABLE = YES;
				IPHONEOS_DEPLOYMENT_TARGET = 16.0;
				LOCALIZATION_PREFERS_STRING_CATALOGS = YES;
				MTL_ENABLE_DEBUG_INFO = INCLUDE_SOURCE;
				MTL_FAST_MATH = YES;
				ONLY_ACTIVE_ARCH = YES;
				SDKROOT = iphoneos;
				SWIFT_ACTIVE_COMPILATION_CONDITIONS = "DEBUG $(inherited)";
				SWIFT_OPTIMIZATION_LEVEL = "-Onone";
			};
			name = Debug;
		};
		EDB4F2292CCD587900A959F0 /* Release */ = {
			isa = XCBuildConfiguration;
			baseConfigurationReference = ED6ADF7F2CCEC79B00B34EA4 /* Config.xcconfig */;
			buildSettings = {
				ALWAYS_SEARCH_USER_PATHS = NO;
				ASSETCATALOG_COMPILER_GENERATE_SWIFT_ASSET_SYMBOL_EXTENSIONS = YES;
				CLANG_ANALYZER_NONNULL = YES;
				CLANG_ANALYZER_NUMBER_OBJECT_CONVERSION = YES_AGGRESSIVE;
				CLANG_CXX_LANGUAGE_STANDARD = "gnu++20";
				CLANG_ENABLE_MODULES = YES;
				CLANG_ENABLE_OBJC_ARC = YES;
				CLANG_ENABLE_OBJC_WEAK = YES;
				CLANG_WARN_BLOCK_CAPTURE_AUTORELEASING = YES;
				CLANG_WARN_BOOL_CONVERSION = YES;
				CLANG_WARN_COMMA = YES;
				CLANG_WARN_CONSTANT_CONVERSION = YES;
				CLANG_WARN_DEPRECATED_OBJC_IMPLEMENTATIONS = YES;
				CLANG_WARN_DIRECT_OBJC_ISA_USAGE = YES_ERROR;
				CLANG_WARN_DOCUMENTATION_COMMENTS = YES;
				CLANG_WARN_EMPTY_BODY = YES;
				CLANG_WARN_ENUM_CONVERSION = YES;
				CLANG_WARN_INFINITE_RECURSION = YES;
				CLANG_WARN_INT_CONVERSION = YES;
				CLANG_WARN_NON_LITERAL_NULL_CONVERSION = YES;
				CLANG_WARN_OBJC_IMPLICIT_RETAIN_SELF = YES;
				CLANG_WARN_OBJC_LITERAL_CONVERSION = YES;
				CLANG_WARN_OBJC_ROOT_CLASS = YES_ERROR;
				CLANG_WARN_QUOTED_INCLUDE_IN_FRAMEWORK_HEADER = YES;
				CLANG_WARN_RANGE_LOOP_ANALYSIS = YES;
				CLANG_WARN_STRICT_PROTOTYPES = YES;
				CLANG_WARN_SUSPICIOUS_MOVE = YES;
				CLANG_WARN_UNGUARDED_AVAILABILITY = YES_AGGRESSIVE;
				CLANG_WARN_UNREACHABLE_CODE = YES;
				CLANG_WARN__DUPLICATE_METHOD_MATCH = YES;
				COPY_PHASE_STRIP = NO;
				DEBUG_INFORMATION_FORMAT = "dwarf-with-dsym";
				ENABLE_NS_ASSERTIONS = NO;
				ENABLE_STRICT_OBJC_MSGSEND = YES;
				ENABLE_USER_SCRIPT_SANDBOXING = YES;
				GCC_C_LANGUAGE_STANDARD = gnu17;
				GCC_NO_COMMON_BLOCKS = YES;
				GCC_WARN_64_TO_32_BIT_CONVERSION = YES;
				GCC_WARN_ABOUT_RETURN_TYPE = YES_ERROR;
				GCC_WARN_UNDECLARED_SELECTOR = YES;
				GCC_WARN_UNINITIALIZED_AUTOS = YES_AGGRESSIVE;
				GCC_WARN_UNUSED_FUNCTION = YES;
				GCC_WARN_UNUSED_VARIABLE = YES;
				IPHONEOS_DEPLOYMENT_TARGET = 16.0;
				LOCALIZATION_PREFERS_STRING_CATALOGS = YES;
				MTL_ENABLE_DEBUG_INFO = NO;
				MTL_FAST_MATH = YES;
				SDKROOT = iphoneos;
				SWIFT_COMPILATION_MODE = wholemodule;
				VALIDATE_PRODUCT = YES;
			};
			name = Release;
		};
		EDB4F22B2CCD587900A959F0 /* Debug */ = {
			isa = XCBuildConfiguration;
			baseConfigurationReference = ED6ADF7F2CCEC79B00B34EA4 /* Config.xcconfig */;
			buildSettings = {
				ASSETCATALOG_COMPILER_APPICON_NAME = AppIcon;
				ASSETCATALOG_COMPILER_GLOBAL_ACCENT_COLOR_NAME = AccentColor;
				CODE_SIGN_STYLE = Automatic;
				CURRENT_PROJECT_VERSION = 1;
				DEVELOPMENT_ASSET_PATHS = "\"MovieFinder/Preview Content\"";
				DEVELOPMENT_TEAM = K6C5P3CXYZ;
				ENABLE_PREVIEWS = YES;
				ENABLE_USER_SCRIPT_SANDBOXING = NO;
				GENERATE_INFOPLIST_FILE = YES;
				INFOPLIST_FILE = MovieFinder/Info.plist;
				INFOPLIST_KEY_UIApplicationSceneManifest_Generation = YES;
				INFOPLIST_KEY_UIApplicationSupportsIndirectInputEvents = YES;
				INFOPLIST_KEY_UILaunchScreen_Generation = YES;
				INFOPLIST_KEY_UISupportedInterfaceOrientations_iPad = "UIInterfaceOrientationPortrait UIInterfaceOrientationPortraitUpsideDown UIInterfaceOrientationLandscapeLeft UIInterfaceOrientationLandscapeRight";
				INFOPLIST_KEY_UISupportedInterfaceOrientations_iPhone = "UIInterfaceOrientationPortrait UIInterfaceOrientationLandscapeLeft UIInterfaceOrientationLandscapeRight";
				INFOPLIST_KEY_UIUserInterfaceStyle = Dark;
				LD_RUNPATH_SEARCH_PATHS = (
					"$(inherited)",
					"@executable_path/Frameworks",
				);
				MARKETING_VERSION = 1.0;
				PRODUCT_BUNDLE_IDENTIFIER = com.jb.MovieFinder;
				PRODUCT_NAME = "$(TARGET_NAME)";
				SWIFT_EMIT_LOC_STRINGS = YES;
				SWIFT_VERSION = 5.0;
				TARGETED_DEVICE_FAMILY = "1,2";
			};
			name = Debug;
		};
		EDB4F22C2CCD587900A959F0 /* Release */ = {
			isa = XCBuildConfiguration;
			baseConfigurationReference = ED6ADF7F2CCEC79B00B34EA4 /* Config.xcconfig */;
			buildSettings = {
				ASSETCATALOG_COMPILER_APPICON_NAME = AppIcon;
				ASSETCATALOG_COMPILER_GLOBAL_ACCENT_COLOR_NAME = AccentColor;
				CODE_SIGN_STYLE = Automatic;
				CURRENT_PROJECT_VERSION = 1;
				DEVELOPMENT_ASSET_PATHS = "\"MovieFinder/Preview Content\"";
				DEVELOPMENT_TEAM = K6C5P3CXYZ;
				ENABLE_PREVIEWS = YES;
				ENABLE_USER_SCRIPT_SANDBOXING = NO;
				GENERATE_INFOPLIST_FILE = YES;
				INFOPLIST_FILE = MovieFinder/Info.plist;
				INFOPLIST_KEY_UIApplicationSceneManifest_Generation = YES;
				INFOPLIST_KEY_UIApplicationSupportsIndirectInputEvents = YES;
				INFOPLIST_KEY_UILaunchScreen_Generation = YES;
				INFOPLIST_KEY_UISupportedInterfaceOrientations_iPad = "UIInterfaceOrientationPortrait UIInterfaceOrientationPortraitUpsideDown UIInterfaceOrientationLandscapeLeft UIInterfaceOrientationLandscapeRight";
				INFOPLIST_KEY_UISupportedInterfaceOrientations_iPhone = "UIInterfaceOrientationPortrait UIInterfaceOrientationLandscapeLeft UIInterfaceOrientationLandscapeRight";
				INFOPLIST_KEY_UIUserInterfaceStyle = Dark;
				LD_RUNPATH_SEARCH_PATHS = (
					"$(inherited)",
					"@executable_path/Frameworks",
				);
				MARKETING_VERSION = 1.0;
				PRODUCT_BUNDLE_IDENTIFIER = com.jb.MovieFinder;
				PRODUCT_NAME = "$(TARGET_NAME)";
				SWIFT_EMIT_LOC_STRINGS = YES;
				SWIFT_VERSION = 5.0;
				TARGETED_DEVICE_FAMILY = "1,2";
			};
			name = Release;
		};
/* End XCBuildConfiguration section */

/* Begin XCConfigurationList section */
		EDB4F2172CCD587700A959F0 /* Build configuration list for PBXProject "MovieFinder" */ = {
			isa = XCConfigurationList;
			buildConfigurations = (
				EDB4F2282CCD587900A959F0 /* Debug */,
				EDB4F2292CCD587900A959F0 /* Release */,
			);
			defaultConfigurationIsVisible = 0;
			defaultConfigurationName = Release;
		};
		EDB4F22A2CCD587900A959F0 /* Build configuration list for PBXNativeTarget "MovieFinder" */ = {
			isa = XCConfigurationList;
			buildConfigurations = (
				EDB4F22B2CCD587900A959F0 /* Debug */,
				EDB4F22C2CCD587900A959F0 /* Release */,
			);
			defaultConfigurationIsVisible = 0;
			defaultConfigurationName = Release;
		};
/* End XCConfigurationList section */
	};
	rootObject = EDB4F2142CCD587700A959F0 /* Project object */;
}
